// !$*UTF8*$!
{
	archiveVersion = 1;
	classes = {
	};
	objectVersion = 56;
	objects = {

/* Begin PBXBuildFile section */
		AD18062D05EC9393E44C8753 /* Pods_RickandMorty.framework in Frameworks */ = {isa = PBXBuildFile; fileRef = 12A08E02210F5B321557A235 /* Pods_RickandMorty.framework */; };
		CBD50BEF2A7E99B40086DE89 /* AppDelegate.swift in Sources */ = {isa = PBXBuildFile; fileRef = CBD50BEE2A7E99B40086DE89 /* AppDelegate.swift */; };
		CBD50BF12A7E99B40086DE89 /* SceneDelegate.swift in Sources */ = {isa = PBXBuildFile; fileRef = CBD50BF02A7E99B40086DE89 /* SceneDelegate.swift */; };
		CBD50BF32A7E99B40086DE89 /* ViewController.swift in Sources */ = {isa = PBXBuildFile; fileRef = CBD50BF22A7E99B40086DE89 /* ViewController.swift */; };
		CBD50BF62A7E99B40086DE89 /* Main.storyboard in Resources */ = {isa = PBXBuildFile; fileRef = CBD50BF42A7E99B40086DE89 /* Main.storyboard */; };
		CBD50BF82A7E99B50086DE89 /* Assets.xcassets in Resources */ = {isa = PBXBuildFile; fileRef = CBD50BF72A7E99B50086DE89 /* Assets.xcassets */; };
		CBD50BFB2A7E99B50086DE89 /* LaunchScreen.storyboard in Resources */ = {isa = PBXBuildFile; fileRef = CBD50BF92A7E99B50086DE89 /* LaunchScreen.storyboard */; };
		CBD50C042A7E9AA30086DE89 /* Results.swift in Sources */ = {isa = PBXBuildFile; fileRef = CBD50C032A7E9AA30086DE89 /* Results.swift */; };
		CBD50C062A7E9ED40086DE89 /* CharacterCollectionViewCell.swift in Sources */ = {isa = PBXBuildFile; fileRef = CBD50C052A7E9ED40086DE89 /* CharacterCollectionViewCell.swift */; };
		CBD50C0A2A7EA5DA0086DE89 /* ResultAnswer.swift in Sources */ = {isa = PBXBuildFile; fileRef = CBD50C092A7EA5DA0086DE89 /* ResultAnswer.swift */; };
		CBD50C0C2A7F8F580086DE89 /* Info.swift in Sources */ = {isa = PBXBuildFile; fileRef = CBD50C0B2A7F8F580086DE89 /* Info.swift */; };
		CBD94DFE2A88C7400097DF18 /* NetworkManager.swift in Sources */ = {isa = PBXBuildFile; fileRef = CBD94DFD2A88C7400097DF18 /* NetworkManager.swift */; };
		CBD94E002A88C74A0097DF18 /* NetworkHelper.swift in Sources */ = {isa = PBXBuildFile; fileRef = CBD94DFF2A88C74A0097DF18 /* NetworkHelper.swift */; };
		CBD94E032A88CD220097DF18 /* CharacterManager.swift in Sources */ = {isa = PBXBuildFile; fileRef = CBD94E022A88CD220097DF18 /* CharacterManager.swift */; };
		CBD94E062A88CF0C0097DF18 /* CharacterViewModel.swift in Sources */ = {isa = PBXBuildFile; fileRef = CBD94E052A88CF0C0097DF18 /* CharacterViewModel.swift */; };
		CBEA6B3A2A7FE1DF00634162 /* DetailsViewController.swift in Sources */ = {isa = PBXBuildFile; fileRef = CBEA6B392A7FE1DF00634162 /* DetailsViewController.swift */; };
		CBEA6B3C2A80DBC400634162 /* StartViewController.swift in Sources */ = {isa = PBXBuildFile; fileRef = CBEA6B3B2A80DBC400634162 /* StartViewController.swift */; };
/* End PBXBuildFile section */

/* Begin PBXFileReference section */
		12A08E02210F5B321557A235 /* Pods_RickandMorty.framework */ = {isa = PBXFileReference; explicitFileType = wrapper.framework; includeInIndex = 0; path = Pods_RickandMorty.framework; sourceTree = BUILT_PRODUCTS_DIR; };
		B1AC6CD63F903230764D7B83 /* Pods-RickandMorty.release.xcconfig */ = {isa = PBXFileReference; includeInIndex = 1; lastKnownFileType = text.xcconfig; name = "Pods-RickandMorty.release.xcconfig"; path = "Target Support Files/Pods-RickandMorty/Pods-RickandMorty.release.xcconfig"; sourceTree = "<group>"; };
		CBD50BEB2A7E99B40086DE89 /* RickandMorty.app */ = {isa = PBXFileReference; explicitFileType = wrapper.application; includeInIndex = 0; path = RickandMorty.app; sourceTree = BUILT_PRODUCTS_DIR; };
		CBD50BEE2A7E99B40086DE89 /* AppDelegate.swift */ = {isa = PBXFileReference; lastKnownFileType = sourcecode.swift; path = AppDelegate.swift; sourceTree = "<group>"; };
		CBD50BF02A7E99B40086DE89 /* SceneDelegate.swift */ = {isa = PBXFileReference; lastKnownFileType = sourcecode.swift; path = SceneDelegate.swift; sourceTree = "<group>"; };
		CBD50BF22A7E99B40086DE89 /* ViewController.swift */ = {isa = PBXFileReference; lastKnownFileType = sourcecode.swift; path = ViewController.swift; sourceTree = "<group>"; };
		CBD50BF52A7E99B40086DE89 /* Base */ = {isa = PBXFileReference; lastKnownFileType = file.storyboard; name = Base; path = Base.lproj/Main.storyboard; sourceTree = "<group>"; };
		CBD50BF72A7E99B50086DE89 /* Assets.xcassets */ = {isa = PBXFileReference; lastKnownFileType = folder.assetcatalog; path = Assets.xcassets; sourceTree = "<group>"; };
		CBD50BFA2A7E99B50086DE89 /* Base */ = {isa = PBXFileReference; lastKnownFileType = file.storyboard; name = Base; path = Base.lproj/LaunchScreen.storyboard; sourceTree = "<group>"; };
		CBD50BFC2A7E99B50086DE89 /* Info.plist */ = {isa = PBXFileReference; lastKnownFileType = text.plist.xml; path = Info.plist; sourceTree = "<group>"; };
		CBD50C032A7E9AA30086DE89 /* Results.swift */ = {isa = PBXFileReference; lastKnownFileType = sourcecode.swift; path = Results.swift; sourceTree = "<group>"; };
		CBD50C052A7E9ED40086DE89 /* CharacterCollectionViewCell.swift */ = {isa = PBXFileReference; lastKnownFileType = sourcecode.swift; path = CharacterCollectionViewCell.swift; sourceTree = "<group>"; };
		CBD50C092A7EA5DA0086DE89 /* ResultAnswer.swift */ = {isa = PBXFileReference; lastKnownFileType = sourcecode.swift; path = ResultAnswer.swift; sourceTree = "<group>"; };
		CBD50C0B2A7F8F580086DE89 /* Info.swift */ = {isa = PBXFileReference; lastKnownFileType = sourcecode.swift; path = Info.swift; sourceTree = "<group>"; };
		CBD94DFD2A88C7400097DF18 /* NetworkManager.swift */ = {isa = PBXFileReference; lastKnownFileType = sourcecode.swift; path = NetworkManager.swift; sourceTree = "<group>"; };
		CBD94DFF2A88C74A0097DF18 /* NetworkHelper.swift */ = {isa = PBXFileReference; lastKnownFileType = sourcecode.swift; path = NetworkHelper.swift; sourceTree = "<group>"; };
		CBD94E022A88CD220097DF18 /* CharacterManager.swift */ = {isa = PBXFileReference; lastKnownFileType = sourcecode.swift; path = CharacterManager.swift; sourceTree = "<group>"; };
		CBD94E052A88CF0C0097DF18 /* CharacterViewModel.swift */ = {isa = PBXFileReference; lastKnownFileType = sourcecode.swift; path = CharacterViewModel.swift; sourceTree = "<group>"; };
		CBEA6B392A7FE1DF00634162 /* DetailsViewController.swift */ = {isa = PBXFileReference; lastKnownFileType = sourcecode.swift; path = DetailsViewController.swift; sourceTree = "<group>"; };
		CBEA6B3B2A80DBC400634162 /* StartViewController.swift */ = {isa = PBXFileReference; lastKnownFileType = sourcecode.swift; path = StartViewController.swift; sourceTree = "<group>"; };
		D496F127BDE5D45306141E76 /* Pods-RickandMorty.debug.xcconfig */ = {isa = PBXFileReference; includeInIndex = 1; lastKnownFileType = text.xcconfig; name = "Pods-RickandMorty.debug.xcconfig"; path = "Target Support Files/Pods-RickandMorty/Pods-RickandMorty.debug.xcconfig"; sourceTree = "<group>"; };
/* End PBXFileReference section */

/* Begin PBXFrameworksBuildPhase section */
		CBD50BE82A7E99B40086DE89 /* Frameworks */ = {
			isa = PBXFrameworksBuildPhase;
			buildActionMask = 2147483647;
			files = (
				AD18062D05EC9393E44C8753 /* Pods_RickandMorty.framework in Frameworks */,
			);
			runOnlyForDeploymentPostprocessing = 0;
		};
/* End PBXFrameworksBuildPhase section */

/* Begin PBXGroup section */
		3AD2C05B7C215BB6871298D3 /* Frameworks */ = {
			isa = PBXGroup;
			children = (
				12A08E02210F5B321557A235 /* Pods_RickandMorty.framework */,
			);
			name = Frameworks;
			sourceTree = "<group>";
		};
		7D52BF7CD850A48DF26D9CB7 /* Pods */ = {
			isa = PBXGroup;
			children = (
				D496F127BDE5D45306141E76 /* Pods-RickandMorty.debug.xcconfig */,
				B1AC6CD63F903230764D7B83 /* Pods-RickandMorty.release.xcconfig */,
			);
			path = Pods;
			sourceTree = "<group>";
		};
		CBD50BE22A7E99B40086DE89 = {
			isa = PBXGroup;
			children = (
				CBD50BED2A7E99B40086DE89 /* RickandMorty */,
				CBD50BEC2A7E99B40086DE89 /* Products */,
				7D52BF7CD850A48DF26D9CB7 /* Pods */,
				3AD2C05B7C215BB6871298D3 /* Frameworks */,
			);
			sourceTree = "<group>";
		};
		CBD50BEC2A7E99B40086DE89 /* Products */ = {
			isa = PBXGroup;
			children = (
				CBD50BEB2A7E99B40086DE89 /* RickandMorty.app */,
			);
			name = Products;
			sourceTree = "<group>";
		};
		CBD50BED2A7E99B40086DE89 /* RickandMorty */ = {
			isa = PBXGroup;
			children = (
				CBD50BFC2A7E99B50086DE89 /* Info.plist */,
				CBD50C072A7E9EF60086DE89 /* Resources */,
				CBD94DFC2A88C6160097DF18 /* Network */,
				CBD94E012A88CCFF0097DF18 /* Character */,
				CBD50C022A7E9A040086DE89 /* Model */,
				CBD50C082A7E9F160086DE89 /* View */,
				CBD94E042A88CEFA0097DF18 /* ViewModel */,
			);
			path = RickandMorty;
			sourceTree = "<group>";
		};
		CBD50C022A7E9A040086DE89 /* Model */ = {
			isa = PBXGroup;
			children = (
				CBD50C032A7E9AA30086DE89 /* Results.swift */,
				CBD50C092A7EA5DA0086DE89 /* ResultAnswer.swift */,
				CBD50C0B2A7F8F580086DE89 /* Info.swift */,
			);
			path = Model;
			sourceTree = "<group>";
		};
		CBD50C072A7E9EF60086DE89 /* Resources */ = {
			isa = PBXGroup;
			children = (
				CBD50BEE2A7E99B40086DE89 /* AppDelegate.swift */,
				CBD50BF02A7E99B40086DE89 /* SceneDelegate.swift */,
				CBD50BF42A7E99B40086DE89 /* Main.storyboard */,
				CBD50BF72A7E99B50086DE89 /* Assets.xcassets */,
				CBD50BF92A7E99B50086DE89 /* LaunchScreen.storyboard */,
			);
			path = Resources;
			sourceTree = "<group>";
		};
		CBD50C082A7E9F160086DE89 /* View */ = {
			isa = PBXGroup;
			children = (
				CBEA6B3B2A80DBC400634162 /* StartViewController.swift */,
				CBD50BF22A7E99B40086DE89 /* ViewController.swift */,
				CBEA6B392A7FE1DF00634162 /* DetailsViewController.swift */,
				CBD50C052A7E9ED40086DE89 /* CharacterCollectionViewCell.swift */,
			);
			path = View;
			sourceTree = "<group>";
		};
		CBD94DFC2A88C6160097DF18 /* Network */ = {
			isa = PBXGroup;
			children = (
				CBD94DFF2A88C74A0097DF18 /* NetworkHelper.swift */,
				CBD94DFD2A88C7400097DF18 /* NetworkManager.swift */,
			);
			path = Network;
			sourceTree = "<group>";
		};
		CBD94E012A88CCFF0097DF18 /* Character */ = {
			isa = PBXGroup;
			children = (
				CBD94E022A88CD220097DF18 /* CharacterManager.swift */,
			);
			path = Character;
			sourceTree = "<group>";
		};
		CBD94E042A88CEFA0097DF18 /* ViewModel */ = {
			isa = PBXGroup;
			children = (
				CBD94E052A88CF0C0097DF18 /* CharacterViewModel.swift */,
			);
			path = ViewModel;
			sourceTree = "<group>";
		};
/* End PBXGroup section */

/* Begin PBXNativeTarget section */
		CBD50BEA2A7E99B40086DE89 /* RickandMorty */ = {
			isa = PBXNativeTarget;
			buildConfigurationList = CBD50BFF2A7E99B50086DE89 /* Build configuration list for PBXNativeTarget "RickandMorty" */;
			buildPhases = (
				41CDAB0B4434D70B777C7302 /* [CP] Check Pods Manifest.lock */,
				CBD50BE72A7E99B40086DE89 /* Sources */,
				CBD50BE82A7E99B40086DE89 /* Frameworks */,
				CBD50BE92A7E99B40086DE89 /* Resources */,
				7363B0C77C668672C78F6ABB /* [CP] Embed Pods Frameworks */,
			);
			buildRules = (
			);
			dependencies = (
			);
			name = RickandMorty;
			productName = RickandMorty;
			productReference = CBD50BEB2A7E99B40086DE89 /* RickandMorty.app */;
			productType = "com.apple.product-type.application";
		};
/* End PBXNativeTarget section */

/* Begin PBXProject section */
		CBD50BE32A7E99B40086DE89 /* Project object */ = {
			isa = PBXProject;
			attributes = {
				BuildIndependentTargetsInParallel = 1;
				LastSwiftUpdateCheck = 1430;
				LastUpgradeCheck = 1430;
				TargetAttributes = {
					CBD50BEA2A7E99B40086DE89 = {
						CreatedOnToolsVersion = 14.3.1;
					};
				};
			};
			buildConfigurationList = CBD50BE62A7E99B40086DE89 /* Build configuration list for PBXProject "RickandMorty" */;
			compatibilityVersion = "Xcode 14.0";
			developmentRegion = en;
			hasScannedForEncodings = 0;
			knownRegions = (
				en,
				Base,
			);
			mainGroup = CBD50BE22A7E99B40086DE89;
			productRefGroup = CBD50BEC2A7E99B40086DE89 /* Products */;
			projectDirPath = "";
			projectRoot = "";
			targets = (
				CBD50BEA2A7E99B40086DE89 /* RickandMorty */,
			);
		};
/* End PBXProject section */

/* Begin PBXResourcesBuildPhase section */
		CBD50BE92A7E99B40086DE89 /* Resources */ = {
			isa = PBXResourcesBuildPhase;
			buildActionMask = 2147483647;
			files = (
				CBD50BFB2A7E99B50086DE89 /* LaunchScreen.storyboard in Resources */,
				CBD50BF82A7E99B50086DE89 /* Assets.xcassets in Resources */,
				CBD50BF62A7E99B40086DE89 /* Main.storyboard in Resources */,
			);
			runOnlyForDeploymentPostprocessing = 0;
		};
/* End PBXResourcesBuildPhase section */

/* Begin PBXShellScriptBuildPhase section */
		41CDAB0B4434D70B777C7302 /* [CP] Check Pods Manifest.lock */ = {
			isa = PBXShellScriptBuildPhase;
			buildActionMask = 2147483647;
			files = (
			);
			inputFileListPaths = (
			);
			inputPaths = (
				"${PODS_PODFILE_DIR_PATH}/Podfile.lock",
				"${PODS_ROOT}/Manifest.lock",
			);
			name = "[CP] Check Pods Manifest.lock";
			outputFileListPaths = (
			);
			outputPaths = (
				"$(DERIVED_FILE_DIR)/Pods-RickandMorty-checkManifestLockResult.txt",
			);
			runOnlyForDeploymentPostprocessing = 0;
			shellPath = /bin/sh;
			shellScript = "diff \"${PODS_PODFILE_DIR_PATH}/Podfile.lock\" \"${PODS_ROOT}/Manifest.lock\" > /dev/null\nif [ $? != 0 ] ; then\n    # print error to STDERR\n    echo \"error: The sandbox is not in sync with the Podfile.lock. Run 'pod install' or update your CocoaPods installation.\" >&2\n    exit 1\nfi\n# This output is used by Xcode 'outputs' to avoid re-running this script phase.\necho \"SUCCESS\" > \"${SCRIPT_OUTPUT_FILE_0}\"\n";
			showEnvVarsInLog = 0;
		};
		7363B0C77C668672C78F6ABB /* [CP] Embed Pods Frameworks */ = {
			isa = PBXShellScriptBuildPhase;
			buildActionMask = 2147483647;
			files = (
			);
			inputFileListPaths = (
				"${PODS_ROOT}/Target Support Files/Pods-RickandMorty/Pods-RickandMorty-frameworks-${CONFIGURATION}-input-files.xcfilelist",
			);
			name = "[CP] Embed Pods Frameworks";
			outputFileListPaths = (
				"${PODS_ROOT}/Target Support Files/Pods-RickandMorty/Pods-RickandMorty-frameworks-${CONFIGURATION}-output-files.xcfilelist",
			);
			runOnlyForDeploymentPostprocessing = 0;
			shellPath = /bin/sh;
			shellScript = "\"${PODS_ROOT}/Target Support Files/Pods-RickandMorty/Pods-RickandMorty-frameworks.sh\"\n";
			showEnvVarsInLog = 0;
		};
/* End PBXShellScriptBuildPhase section */

/* Begin PBXSourcesBuildPhase section */
		CBD50BE72A7E99B40086DE89 /* Sources */ = {
			isa = PBXSourcesBuildPhase;
			buildActionMask = 2147483647;
			files = (
				CBD50C062A7E9ED40086DE89 /* CharacterCollectionViewCell.swift in Sources */,
				CBD50BF32A7E99B40086DE89 /* ViewController.swift in Sources */,
				CBD94DFE2A88C7400097DF18 /* NetworkManager.swift in Sources */,
				CBD50BEF2A7E99B40086DE89 /* AppDelegate.swift in Sources */,
				CBD94E002A88C74A0097DF18 /* NetworkHelper.swift in Sources */,
				CBD50C042A7E9AA30086DE89 /* Results.swift in Sources */,
				CBEA6B3C2A80DBC400634162 /* StartViewController.swift in Sources */,
				CBD50C0A2A7EA5DA0086DE89 /* ResultAnswer.swift in Sources */,
				CBD94E062A88CF0C0097DF18 /* CharacterViewModel.swift in Sources */,
				CBD50BF12A7E99B40086DE89 /* SceneDelegate.swift in Sources */,
				CBD94E032A88CD220097DF18 /* CharacterManager.swift in Sources */,
				CBD50C0C2A7F8F580086DE89 /* Info.swift in Sources */,
				CBEA6B3A2A7FE1DF00634162 /* DetailsViewController.swift in Sources */,
			);
			runOnlyForDeploymentPostprocessing = 0;
		};
/* End PBXSourcesBuildPhase section */

/* Begin PBXVariantGroup section */
		CBD50BF42A7E99B40086DE89 /* Main.storyboard */ = {
			isa = PBXVariantGroup;
			children = (
				CBD50BF52A7E99B40086DE89 /* Base */,
			);
			name = Main.storyboard;
			sourceTree = "<group>";
		};
		CBD50BF92A7E99B50086DE89 /* LaunchScreen.storyboard */ = {
			isa = PBXVariantGroup;
			children = (
				CBD50BFA2A7E99B50086DE89 /* Base */,
			);
			name = LaunchScreen.storyboard;
			sourceTree = "<group>";
		};
/* End PBXVariantGroup section */

/* Begin XCBuildConfiguration section */
		CBD50BFD2A7E99B50086DE89 /* Debug */ = {
			isa = XCBuildConfiguration;
			buildSettings = {
				ALWAYS_SEARCH_USER_PATHS = NO;
				CLANG_ANALYZER_NONNULL = YES;
				CLANG_ANALYZER_NUMBER_OBJECT_CONVERSION = YES_AGGRESSIVE;
				CLANG_CXX_LANGUAGE_STANDARD = "gnu++20";
				CLANG_ENABLE_MODULES = YES;
				CLANG_ENABLE_OBJC_ARC = YES;
				CLANG_ENABLE_OBJC_WEAK = YES;
				CLANG_WARN_BLOCK_CAPTURE_AUTORELEASING = YES;
				CLANG_WARN_BOOL_CONVERSION = YES;
				CLANG_WARN_COMMA = YES;
				CLANG_WARN_CONSTANT_CONVERSION = YES;
				CLANG_WARN_DEPRECATED_OBJC_IMPLEMENTATIONS = YES;
				CLANG_WARN_DIRECT_OBJC_ISA_USAGE = YES_ERROR;
				CLANG_WARN_DOCUMENTATION_COMMENTS = YES;
				CLANG_WARN_EMPTY_BODY = YES;
				CLANG_WARN_ENUM_CONVERSION = YES;
				CLANG_WARN_INFINITE_RECURSION = YES;
				CLANG_WARN_INT_CONVERSION = YES;
				CLANG_WARN_NON_LITERAL_NULL_CONVERSION = YES;
				CLANG_WARN_OBJC_IMPLICIT_RETAIN_SELF = YES;
				CLANG_WARN_OBJC_LITERAL_CONVERSION = YES;
				CLANG_WARN_OBJC_ROOT_CLASS = YES_ERROR;
				CLANG_WARN_QUOTED_INCLUDE_IN_FRAMEWORK_HEADER = YES;
				CLANG_WARN_RANGE_LOOP_ANALYSIS = YES;
				CLANG_WARN_STRICT_PROTOTYPES = YES;
				CLANG_WARN_SUSPICIOUS_MOVE = YES;
				CLANG_WARN_UNGUARDED_AVAILABILITY = YES_AGGRESSIVE;
				CLANG_WARN_UNREACHABLE_CODE = YES;
				CLANG_WARN__DUPLICATE_METHOD_MATCH = YES;
				COPY_PHASE_STRIP = NO;
				DEBUG_INFORMATION_FORMAT = dwarf;
				ENABLE_STRICT_OBJC_MSGSEND = YES;
				ENABLE_TESTABILITY = YES;
				GCC_C_LANGUAGE_STANDARD = gnu11;
				GCC_DYNAMIC_NO_PIC = NO;
				GCC_NO_COMMON_BLOCKS = YES;
				GCC_OPTIMIZATION_LEVEL = 0;
				GCC_PREPROCESSOR_DEFINITIONS = (
					"DEBUG=1",
					"$(inherited)",
				);
				GCC_WARN_64_TO_32_BIT_CONVERSION = YES;
				GCC_WARN_ABOUT_RETURN_TYPE = YES_ERROR;
				GCC_WARN_UNDECLARED_SELECTOR = YES;
				GCC_WARN_UNINITIALIZED_AUTOS = YES_AGGRESSIVE;
				GCC_WARN_UNUSED_FUNCTION = YES;
				GCC_WARN_UNUSED_VARIABLE = YES;
				IPHONEOS_DEPLOYMENT_TARGET = 16.4;
				MTL_ENABLE_DEBUG_INFO = INCLUDE_SOURCE;
				MTL_FAST_MATH = YES;
				ONLY_ACTIVE_ARCH = YES;
				SDKROOT = iphoneos;
				SWIFT_ACTIVE_COMPILATION_CONDITIONS = DEBUG;
				SWIFT_OPTIMIZATION_LEVEL = "-Onone";
			};
			name = Debug;
		};
		CBD50BFE2A7E99B50086DE89 /* Release */ = {
			isa = XCBuildConfiguration;
			buildSettings = {
				ALWAYS_SEARCH_USER_PATHS = NO;
				CLANG_ANALYZER_NONNULL = YES;
				CLANG_ANALYZER_NUMBER_OBJECT_CONVERSION = YES_AGGRESSIVE;
				CLANG_CXX_LANGUAGE_STANDARD = "gnu++20";
				CLANG_ENABLE_MODULES = YES;
				CLANG_ENABLE_OBJC_ARC = YES;
				CLANG_ENABLE_OBJC_WEAK = YES;
				CLANG_WARN_BLOCK_CAPTURE_AUTORELEASING = YES;
				CLANG_WARN_BOOL_CONVERSION = YES;
				CLANG_WARN_COMMA = YES;
				CLANG_WARN_CONSTANT_CONVERSION = YES;
				CLANG_WARN_DEPRECATED_OBJC_IMPLEMENTATIONS = YES;
				CLANG_WARN_DIRECT_OBJC_ISA_USAGE = YES_ERROR;
				CLANG_WARN_DOCUMENTATION_COMMENTS = YES;
				CLANG_WARN_EMPTY_BODY = YES;
				CLANG_WARN_ENUM_CONVERSION = YES;
				CLANG_WARN_INFINITE_RECURSION = YES;
				CLANG_WARN_INT_CONVERSION = YES;
				CLANG_WARN_NON_LITERAL_NULL_CONVERSION = YES;
				CLANG_WARN_OBJC_IMPLICIT_RETAIN_SELF = YES;
				CLANG_WARN_OBJC_LITERAL_CONVERSION = YES;
				CLANG_WARN_OBJC_ROOT_CLASS = YES_ERROR;
				CLANG_WARN_QUOTED_INCLUDE_IN_FRAMEWORK_HEADER = YES;
				CLANG_WARN_RANGE_LOOP_ANALYSIS = YES;
				CLANG_WARN_STRICT_PROTOTYPES = YES;
				CLANG_WARN_SUSPICIOUS_MOVE = YES;
				CLANG_WARN_UNGUARDED_AVAILABILITY = YES_AGGRESSIVE;
				CLANG_WARN_UNREACHABLE_CODE = YES;
				CLANG_WARN__DUPLICATE_METHOD_MATCH = YES;
				COPY_PHASE_STRIP = NO;
				DEBUG_INFORMATION_FORMAT = "dwarf-with-dsym";
				ENABLE_NS_ASSERTIONS = NO;
				ENABLE_STRICT_OBJC_MSGSEND = YES;
				GCC_C_LANGUAGE_STANDARD = gnu11;
				GCC_NO_COMMON_BLOCKS = YES;
				GCC_WARN_64_TO_32_BIT_CONVERSION = YES;
				GCC_WARN_ABOUT_RETURN_TYPE = YES_ERROR;
				GCC_WARN_UNDECLARED_SELECTOR = YES;
				GCC_WARN_UNINITIALIZED_AUTOS = YES_AGGRESSIVE;
				GCC_WARN_UNUSED_FUNCTION = YES;
				GCC_WARN_UNUSED_VARIABLE = YES;
				IPHONEOS_DEPLOYMENT_TARGET = 16.4;
				MTL_ENABLE_DEBUG_INFO = NO;
				MTL_FAST_MATH = YES;
				SDKROOT = iphoneos;
				SWIFT_COMPILATION_MODE = wholemodule;
				SWIFT_OPTIMIZATION_LEVEL = "-O";
				VALIDATE_PRODUCT = YES;
			};
			name = Release;
		};
		CBD50C002A7E99B50086DE89 /* Debug */ = {
			isa = XCBuildConfiguration;
			baseConfigurationReference = D496F127BDE5D45306141E76 /* Pods-RickandMorty.debug.xcconfig */;
			buildSettings = {
				ASSETCATALOG_COMPILER_APPICON_NAME = AppIcon;
				ASSETCATALOG_COMPILER_GLOBAL_ACCENT_COLOR_NAME = AccentColor;
				CODE_SIGN_STYLE = Automatic;
				CURRENT_PROJECT_VERSION = 1;
				DEVELOPMENT_TEAM = 8CB8GKJT4U;
				GENERATE_INFOPLIST_FILE = YES;
				INFOPLIST_FILE = RickandMorty/Info.plist;
				INFOPLIST_KEY_UIApplicationSupportsIndirectInputEvents = YES;
				INFOPLIST_KEY_UILaunchStoryboardName = LaunchScreen;
				INFOPLIST_KEY_UIMainStoryboardFile = Main;
				INFOPLIST_KEY_UISupportedInterfaceOrientations_iPad = "UIInterfaceOrientationPortrait UIInterfaceOrientationPortraitUpsideDown UIInterfaceOrientationLandscapeLeft UIInterfaceOrientationLandscapeRight";
				INFOPLIST_KEY_UISupportedInterfaceOrientations_iPhone = "UIInterfaceOrientationPortrait UIInterfaceOrientationLandscapeLeft UIInterfaceOrientationLandscapeRight";
				IPHONEOS_DEPLOYMENT_TARGET = 13.0;
				LD_RUNPATH_SEARCH_PATHS = (
					"$(inherited)",
					"@executable_path/Frameworks",
				);
				MARKETING_VERSION = 1.0;
				PRODUCT_BUNDLE_IDENTIFIER = kaanyildirim.RickandMorty;
				PRODUCT_NAME = "$(TARGET_NAME)";
				SWIFT_EMIT_LOC_STRINGS = YES;
				SWIFT_VERSION = 5.0;
				TARGETED_DEVICE_FAMILY = "1,2";
			};
			name = Debug;
		};
		CBD50C012A7E99B50086DE89 /* Release */ = {
			isa = XCBuildConfiguration;
			baseConfigurationReference = B1AC6CD63F903230764D7B83 /* Pods-RickandMorty.release.xcconfig */;
			buildSettings = {
				ASSETCATALOG_COMPILER_APPICON_NAME = AppIcon;
				ASSETCATALOG_COMPILER_GLOBAL_ACCENT_COLOR_NAME = AccentColor;
				CODE_SIGN_STYLE = Automatic;
				CURRENT_PROJECT_VERSION = 1;
				DEVELOPMENT_TEAM = 8CB8GKJT4U;
				GENERATE_INFOPLIST_FILE = YES;
				INFOPLIST_FILE = RickandMorty/Info.plist;
				INFOPLIST_KEY_UIApplicationSupportsIndirectInputEvents = YES;
				INFOPLIST_KEY_UILaunchStoryboardName = LaunchScreen;
				INFOPLIST_KEY_UIMainStoryboardFile = Main;
				INFOPLIST_KEY_UISupportedInterfaceOrientations_iPad = "UIInterfaceOrientationPortrait UIInterfaceOrientationPortraitUpsideDown UIInterfaceOrientationLandscapeLeft UIInterfaceOrientationLandscapeRight";
				INFOPLIST_KEY_UISupportedInterfaceOrientations_iPhone = "UIInterfaceOrientationPortrait UIInterfaceOrientationLandscapeLeft UIInterfaceOrientationLandscapeRight";
				IPHONEOS_DEPLOYMENT_TARGET = 13.0;
				LD_RUNPATH_SEARCH_PATHS = (
					"$(inherited)",
					"@executable_path/Frameworks",
				);
				MARKETING_VERSION = 1.0;
				PRODUCT_BUNDLE_IDENTIFIER = kaanyildirim.RickandMorty;
				PRODUCT_NAME = "$(TARGET_NAME)";
				SWIFT_EMIT_LOC_STRINGS = YES;
				SWIFT_VERSION = 5.0;
				TARGETED_DEVICE_FAMILY = "1,2";
			};
			name = Release;
		};
/* End XCBuildConfiguration section */

/* Begin XCConfigurationList section */
		CBD50BE62A7E99B40086DE89 /* Build configuration list for PBXProject "RickandMorty" */ = {
			isa = XCConfigurationList;
			buildConfigurations = (
				CBD50BFD2A7E99B50086DE89 /* Debug */,
				CBD50BFE2A7E99B50086DE89 /* Release */,
			);
			defaultConfigurationIsVisible = 0;
			defaultConfigurationName = Release;
		};
		CBD50BFF2A7E99B50086DE89 /* Build configuration list for PBXNativeTarget "RickandMorty" */ = {
			isa = XCConfigurationList;
			buildConfigurations = (
				CBD50C002A7E99B50086DE89 /* Debug */,
				CBD50C012A7E99B50086DE89 /* Release */,
			);
			defaultConfigurationIsVisible = 0;
			defaultConfigurationName = Release;
		};
/* End XCConfigurationList section */
	};
	rootObject = CBD50BE32A7E99B40086DE89 /* Project object */;
}
